// !$*UTF8*$!
{
	archiveVersion = 1;
	classes = {
	};
	objectVersion = 56;
	objects = {

/* Begin PBXBuildFile section */
		DD61501A2B3B3D3A006913FD /* InteractiveWidgetsApp.swift in Sources */ = {isa = PBXBuildFile; fileRef = DD6150192B3B3D3A006913FD /* InteractiveWidgetsApp.swift */; };
		DD61501C2B3B3D3A006913FD /* ContentView.swift in Sources */ = {isa = PBXBuildFile; fileRef = DD61501B2B3B3D3A006913FD /* ContentView.swift */; };
		DD61501E2B3B3D3B006913FD /* Assets.xcassets in Resources */ = {isa = PBXBuildFile; fileRef = DD61501D2B3B3D3B006913FD /* Assets.xcassets */; };
		DD6150212B3B3D3B006913FD /* Preview Assets.xcassets in Resources */ = {isa = PBXBuildFile; fileRef = DD6150202B3B3D3B006913FD /* Preview Assets.xcassets */; };
		DD61502E2B3B3D76006913FD /* WidgetKit.framework in Frameworks */ = {isa = PBXBuildFile; fileRef = DD61502D2B3B3D76006913FD /* WidgetKit.framework */; };
		DD6150302B3B3D76006913FD /* SwiftUI.framework in Frameworks */ = {isa = PBXBuildFile; fileRef = DD61502F2B3B3D76006913FD /* SwiftUI.framework */; };
		DD6150332B3B3D76006913FD /* GraphWidgetBundle.swift in Sources */ = {isa = PBXBuildFile; fileRef = DD6150322B3B3D76006913FD /* GraphWidgetBundle.swift */; };
		DD6150352B3B3D76006913FD /* GraphWidget.swift in Sources */ = {isa = PBXBuildFile; fileRef = DD6150342B3B3D76006913FD /* GraphWidget.swift */; };
		DD6150372B3B3D76006913FD /* AppIntent.swift in Sources */ = {isa = PBXBuildFile; fileRef = DD6150362B3B3D76006913FD /* AppIntent.swift */; };
		DD6150392B3B3D77006913FD /* Assets.xcassets in Resources */ = {isa = PBXBuildFile; fileRef = DD6150382B3B3D77006913FD /* Assets.xcassets */; };
		DD61503D2B3B3D77006913FD /* GraphWidgetExtension.appex in Embed Foundation Extensions */ = {isa = PBXBuildFile; fileRef = DD61502B2B3B3D76006913FD /* GraphWidgetExtension.appex */; settings = {ATTRIBUTES = (RemoveHeadersOnCopy, ); }; };
		DD6150442B3B3F08006913FD /* Downloads.swift in Sources */ = {isa = PBXBuildFile; fileRef = DD6150432B3B3F08006913FD /* Downloads.swift */; };
		DD6150462B3B3FEF006913FD /* AppModel.swift in Sources */ = {isa = PBXBuildFile; fileRef = DD6150452B3B3FEF006913FD /* AppModel.swift */; };
/* End PBXBuildFile section */

/* Begin PBXContainerItemProxy section */
		DD61503B2B3B3D77006913FD /* PBXContainerItemProxy */ = {
			isa = PBXContainerItemProxy;
			containerPortal = DD61500E2B3B3D3A006913FD /* Project object */;
			proxyType = 1;
			remoteGlobalIDString = DD61502A2B3B3D76006913FD;
			remoteInfo = GraphWidgetExtension;
		};
/* End PBXContainerItemProxy section */

/* Begin PBXCopyFilesBuildPhase section */
		DD6150412B3B3D77006913FD /* Embed Foundation Extensions */ = {
			isa = PBXCopyFilesBuildPhase;
			buildActionMask = 2147483647;
			dstPath = "";
			dstSubfolderSpec = 13;
			files = (
				DD61503D2B3B3D77006913FD /* GraphWidgetExtension.appex in Embed Foundation Extensions */,
			);
			name = "Embed Foundation Extensions";
			runOnlyForDeploymentPostprocessing = 0;
		};
/* End PBXCopyFilesBuildPhase section */

/* Begin PBXFileReference section */
		DD6150162B3B3D3A006913FD /* InteractiveWidgets.app */ = {isa = PBXFileReference; explicitFileType = wrapper.application; includeInIndex = 0; path = InteractiveWidgets.app; sourceTree = BUILT_PRODUCTS_DIR; };
		DD6150192B3B3D3A006913FD /* InteractiveWidgetsApp.swift */ = {isa = PBXFileReference; lastKnownFileType = sourcecode.swift; path = InteractiveWidgetsApp.swift; sourceTree = "<group>"; };
		DD61501B2B3B3D3A006913FD /* ContentView.swift */ = {isa = PBXFileReference; lastKnownFileType = sourcecode.swift; path = ContentView.swift; sourceTree = "<group>"; };
		DD61501D2B3B3D3B006913FD /* Assets.xcassets */ = {isa = PBXFileReference; lastKnownFileType = folder.assetcatalog; path = Assets.xcassets; sourceTree = "<group>"; };
		DD6150202B3B3D3B006913FD /* Preview Assets.xcassets */ = {isa = PBXFileReference; lastKnownFileType = folder.assetcatalog; path = "Preview Assets.xcassets"; sourceTree = "<group>"; };
		DD61502B2B3B3D76006913FD /* GraphWidgetExtension.appex */ = {isa = PBXFileReference; explicitFileType = "wrapper.app-extension"; includeInIndex = 0; path = GraphWidgetExtension.appex; sourceTree = BUILT_PRODUCTS_DIR; };
		DD61502D2B3B3D76006913FD /* WidgetKit.framework */ = {isa = PBXFileReference; lastKnownFileType = wrapper.framework; name = WidgetKit.framework; path = System/Library/Frameworks/WidgetKit.framework; sourceTree = SDKROOT; };
		DD61502F2B3B3D76006913FD /* SwiftUI.framework */ = {isa = PBXFileReference; lastKnownFileType = wrapper.framework; name = SwiftUI.framework; path = System/Library/Frameworks/SwiftUI.framework; sourceTree = SDKROOT; };
		DD6150322B3B3D76006913FD /* GraphWidgetBundle.swift */ = {isa = PBXFileReference; lastKnownFileType = sourcecode.swift; path = GraphWidgetBundle.swift; sourceTree = "<group>"; };
		DD6150342B3B3D76006913FD /* GraphWidget.swift */ = {isa = PBXFileReference; lastKnownFileType = sourcecode.swift; path = GraphWidget.swift; sourceTree = "<group>"; };
		DD6150362B3B3D76006913FD /* AppIntent.swift */ = {isa = PBXFileReference; lastKnownFileType = sourcecode.swift; path = AppIntent.swift; sourceTree = "<group>"; };
		DD6150382B3B3D77006913FD /* Assets.xcassets */ = {isa = PBXFileReference; lastKnownFileType = folder.assetcatalog; path = Assets.xcassets; sourceTree = "<group>"; };
		DD61503A2B3B3D77006913FD /* Info.plist */ = {isa = PBXFileReference; lastKnownFileType = text.plist.xml; path = Info.plist; sourceTree = "<group>"; };
		DD6150432B3B3F08006913FD /* Downloads.swift */ = {isa = PBXFileReference; lastKnownFileType = sourcecode.swift; path = Downloads.swift; sourceTree = "<group>"; };
		DD6150452B3B3FEF006913FD /* AppModel.swift */ = {isa = PBXFileReference; lastKnownFileType = sourcecode.swift; path = AppModel.swift; sourceTree = "<group>"; };
/* End PBXFileReference section */

/* Begin PBXFrameworksBuildPhase section */
		DD6150132B3B3D3A006913FD /* Frameworks */ = {
			isa = PBXFrameworksBuildPhase;
			buildActionMask = 2147483647;
			files = (
			);
			runOnlyForDeploymentPostprocessing = 0;
		};
		DD6150282B3B3D76006913FD /* Frameworks */ = {
			isa = PBXFrameworksBuildPhase;
			buildActionMask = 2147483647;
			files = (
				DD6150302B3B3D76006913FD /* SwiftUI.framework in Frameworks */,
				DD61502E2B3B3D76006913FD /* WidgetKit.framework in Frameworks */,
			);
			runOnlyForDeploymentPostprocessing = 0;
		};
/* End PBXFrameworksBuildPhase section */

/* Begin PBXGroup section */
		DD61500D2B3B3D3A006913FD = {
			isa = PBXGroup;
			children = (
				DD6150182B3B3D3A006913FD /* InteractiveWidgets */,
				DD6150312B3B3D76006913FD /* GraphWidget */,
				DD61502C2B3B3D76006913FD /* Frameworks */,
				DD6150172B3B3D3A006913FD /* Products */,
			);
			sourceTree = "<group>";
		};
		DD6150172B3B3D3A006913FD /* Products */ = {
			isa = PBXGroup;
			children = (
				DD6150162B3B3D3A006913FD /* InteractiveWidgets.app */,
				DD61502B2B3B3D76006913FD /* GraphWidgetExtension.appex */,
			);
			name = Products;
			sourceTree = "<group>";
		};
		DD6150182B3B3D3A006913FD /* InteractiveWidgets */ = {
			isa = PBXGroup;
			children = (
				DD6150192B3B3D3A006913FD /* InteractiveWidgetsApp.swift */,
				DD61501B2B3B3D3A006913FD /* ContentView.swift */,
				DD61501D2B3B3D3B006913FD /* Assets.xcassets */,
				DD61501F2B3B3D3B006913FD /* Preview Content */,
			);
			path = InteractiveWidgets;
			sourceTree = "<group>";
		};
		DD61501F2B3B3D3B006913FD /* Preview Content */ = {
			isa = PBXGroup;
			children = (
				DD6150202B3B3D3B006913FD /* Preview Assets.xcassets */,
			);
			path = "Preview Content";
			sourceTree = "<group>";
		};
		DD61502C2B3B3D76006913FD /* Frameworks */ = {
			isa = PBXGroup;
			children = (
				DD61502D2B3B3D76006913FD /* WidgetKit.framework */,
				DD61502F2B3B3D76006913FD /* SwiftUI.framework */,
			);
			name = Frameworks;
			sourceTree = "<group>";
		};
		DD6150312B3B3D76006913FD /* GraphWidget */ = {
			isa = PBXGroup;
			children = (
				DD6150422B3B3E9E006913FD /* Models */,
				DD6150322B3B3D76006913FD /* GraphWidgetBundle.swift */,
				DD6150342B3B3D76006913FD /* GraphWidget.swift */,
				DD6150362B3B3D76006913FD /* AppIntent.swift */,
				DD6150382B3B3D77006913FD /* Assets.xcassets */,
				DD61503A2B3B3D77006913FD /* Info.plist */,
			);
			path = GraphWidget;
			sourceTree = "<group>";
		};
		DD6150422B3B3E9E006913FD /* Models */ = {
			isa = PBXGroup;
			children = (
				DD6150432B3B3F08006913FD /* Downloads.swift */,
				DD6150452B3B3FEF006913FD /* AppModel.swift */,
			);
			path = Models;
			sourceTree = "<group>";
		};
/* End PBXGroup section */

/* Begin PBXNativeTarget section */
		DD6150152B3B3D3A006913FD /* InteractiveWidgets */ = {
			isa = PBXNativeTarget;
			buildConfigurationList = DD6150242B3B3D3B006913FD /* Build configuration list for PBXNativeTarget "InteractiveWidgets" */;
			buildPhases = (
				DD6150122B3B3D3A006913FD /* Sources */,
				DD6150132B3B3D3A006913FD /* Frameworks */,
				DD6150142B3B3D3A006913FD /* Resources */,
				DD6150412B3B3D77006913FD /* Embed Foundation Extensions */,
			);
			buildRules = (
			);
			dependencies = (
				DD61503C2B3B3D77006913FD /* PBXTargetDependency */,
			);
			name = InteractiveWidgets;
			productName = InteractiveWidgets;
			productReference = DD6150162B3B3D3A006913FD /* InteractiveWidgets.app */;
			productType = "com.apple.product-type.application";
		};
		DD61502A2B3B3D76006913FD /* GraphWidgetExtension */ = {
			isa = PBXNativeTarget;
			buildConfigurationList = DD61503E2B3B3D77006913FD /* Build configuration list for PBXNativeTarget "GraphWidgetExtension" */;
			buildPhases = (
				DD6150272B3B3D76006913FD /* Sources */,
				DD6150282B3B3D76006913FD /* Frameworks */,
				DD6150292B3B3D76006913FD /* Resources */,
			);
			buildRules = (
			);
			dependencies = (
			);
			name = GraphWidgetExtension;
			productName = GraphWidgetExtension;
			productReference = DD61502B2B3B3D76006913FD /* GraphWidgetExtension.appex */;
			productType = "com.apple.product-type.app-extension";
		};
/* End PBXNativeTarget section */

/* Begin PBXProject section */
		DD61500E2B3B3D3A006913FD /* Project object */ = {
			isa = PBXProject;
			attributes = {
				BuildIndependentTargetsInParallel = 1;
				LastSwiftUpdateCheck = 1510;
				LastUpgradeCheck = 1510;
				TargetAttributes = {
					DD6150152B3B3D3A006913FD = {
						CreatedOnToolsVersion = 15.1;
					};
					DD61502A2B3B3D76006913FD = {
						CreatedOnToolsVersion = 15.1;
					};
				};
			};
			buildConfigurationList = DD6150112B3B3D3A006913FD /* Build configuration list for PBXProject "InteractiveWidgets" */;
			compatibilityVersion = "Xcode 14.0";
			developmentRegion = en;
			hasScannedForEncodings = 0;
			knownRegions = (
				en,
				Base,
			);
			mainGroup = DD61500D2B3B3D3A006913FD;
			productRefGroup = DD6150172B3B3D3A006913FD /* Products */;
			projectDirPath = "";
			projectRoot = "";
			targets = (
				DD6150152B3B3D3A006913FD /* InteractiveWidgets */,
				DD61502A2B3B3D76006913FD /* GraphWidgetExtension */,
			);
		};
/* End PBXProject section */

/* Begin PBXResourcesBuildPhase section */
		DD6150142B3B3D3A006913FD /* Resources */ = {
			isa = PBXResourcesBuildPhase;
			buildActionMask = 2147483647;
			files = (
				DD6150212B3B3D3B006913FD /* Preview Assets.xcassets in Resources */,
				DD61501E2B3B3D3B006913FD /* Assets.xcassets in Resources */,
			);
			runOnlyForDeploymentPostprocessing = 0;
		};
		DD6150292B3B3D76006913FD /* Resources */ = {
			isa = PBXResourcesBuildPhase;
			buildActionMask = 2147483647;
			files = (
				DD6150392B3B3D77006913FD /* Assets.xcassets in Resources */,
			);
			runOnlyForDeploymentPostprocessing = 0;
		};
/* End PBXResourcesBuildPhase section */

/* Begin PBXSourcesBuildPhase section */
		DD6150122B3B3D3A006913FD /* Sources */ = {
			isa = PBXSourcesBuildPhase;
			buildActionMask = 2147483647;
			files = (
				DD61501C2B3B3D3A006913FD /* ContentView.swift in Sources */,
				DD61501A2B3B3D3A006913FD /* InteractiveWidgetsApp.swift in Sources */,
			);
			runOnlyForDeploymentPostprocessing = 0;
		};
		DD6150272B3B3D76006913FD /* Sources */ = {
			isa = PBXSourcesBuildPhase;
			buildActionMask = 2147483647;
			files = (
				DD6150352B3B3D76006913FD /* GraphWidget.swift in Sources */,
				DD6150442B3B3F08006913FD /* Downloads.swift in Sources */,
				DD6150332B3B3D76006913FD /* GraphWidgetBundle.swift in Sources */,
				DD6150462B3B3FEF006913FD /* AppModel.swift in Sources */,
				DD6150372B3B3D76006913FD /* AppIntent.swift in Sources */,
			);
			runOnlyForDeploymentPostprocessing = 0;
		};
/* End PBXSourcesBuildPhase section */

/* Begin PBXTargetDependency section */
		DD61503C2B3B3D77006913FD /* PBXTargetDependency */ = {
			isa = PBXTargetDependency;
			target = DD61502A2B3B3D76006913FD /* GraphWidgetExtension */;
			targetProxy = DD61503B2B3B3D77006913FD /* PBXContainerItemProxy */;
		};
/* End PBXTargetDependency section */

/* Begin XCBuildConfiguration section */
		DD6150222B3B3D3B006913FD /* Debug */ = {
			isa = XCBuildConfiguration;
			buildSettings = {
				ALWAYS_SEARCH_USER_PATHS = NO;
				ASSETCATALOG_COMPILER_GENERATE_SWIFT_ASSET_SYMBOL_EXTENSIONS = YES;
				CLANG_ANALYZER_NONNULL = YES;
				CLANG_ANALYZER_NUMBER_OBJECT_CONVERSION = YES_AGGRESSIVE;
				CLANG_CXX_LANGUAGE_STANDARD = "gnu++20";
				CLANG_ENABLE_MODULES = YES;
				CLANG_ENABLE_OBJC_ARC = YES;
				CLANG_ENABLE_OBJC_WEAK = YES;
				CLANG_WARN_BLOCK_CAPTURE_AUTORELEASING = YES;
				CLANG_WARN_BOOL_CONVERSION = YES;
				CLANG_WARN_COMMA = YES;
				CLANG_WARN_CONSTANT_CONVERSION = YES;
				CLANG_WARN_DEPRECATED_OBJC_IMPLEMENTATIONS = YES;
				CLANG_WARN_DIRECT_OBJC_ISA_USAGE = YES_ERROR;
				CLANG_WARN_DOCUMENTATION_COMMENTS = YES;
				CLANG_WARN_EMPTY_BODY = YES;
				CLANG_WARN_ENUM_CONVERSION = YES;
				CLANG_WARN_INFINITE_RECURSION = YES;
				CLANG_WARN_INT_CONVERSION = YES;
				CLANG_WARN_NON_LITERAL_NULL_CONVERSION = YES;
				CLANG_WARN_OBJC_IMPLICIT_RETAIN_SELF = YES;
				CLANG_WARN_OBJC_LITERAL_CONVERSION = YES;
				CLANG_WARN_OBJC_ROOT_CLASS = YES_ERROR;
				CLANG_WARN_QUOTED_INCLUDE_IN_FRAMEWORK_HEADER = YES;
				CLANG_WARN_RANGE_LOOP_ANALYSIS = YES;
				CLANG_WARN_STRICT_PROTOTYPES = YES;
				CLANG_WARN_SUSPICIOUS_MOVE = YES;
				CLANG_WARN_UNGUARDED_AVAILABILITY = YES_AGGRESSIVE;
				CLANG_WARN_UNREACHABLE_CODE = YES;
				CLANG_WARN__DUPLICATE_METHOD_MATCH = YES;
				COPY_PHASE_STRIP = NO;
				DEBUG_INFORMATION_FORMAT = dwarf;
				ENABLE_STRICT_OBJC_MSGSEND = YES;
				ENABLE_TESTABILITY = YES;
				ENABLE_USER_SCRIPT_SANDBOXING = YES;
				GCC_C_LANGUAGE_STANDARD = gnu17;
				GCC_DYNAMIC_NO_PIC = NO;
				GCC_NO_COMMON_BLOCKS = YES;
				GCC_OPTIMIZATION_LEVEL = 0;
				GCC_PREPROCESSOR_DEFINITIONS = (
					"DEBUG=1",
					"$(inherited)",
				);
				GCC_WARN_64_TO_32_BIT_CONVERSION = YES;
				GCC_WARN_ABOUT_RETURN_TYPE = YES_ERROR;
				GCC_WARN_UNDECLARED_SELECTOR = YES;
				GCC_WARN_UNINITIALIZED_AUTOS = YES_AGGRESSIVE;
				GCC_WARN_UNUSED_FUNCTION = YES;
				GCC_WARN_UNUSED_VARIABLE = YES;
				IPHONEOS_DEPLOYMENT_TARGET = 17.2;
				LOCALIZATION_PREFERS_STRING_CATALOGS = YES;
				MTL_ENABLE_DEBUG_INFO = INCLUDE_SOURCE;
				MTL_FAST_MATH = YES;
				ONLY_ACTIVE_ARCH = YES;
				SDKROOT = iphoneos;
				SWIFT_ACTIVE_COMPILATION_CONDITIONS = "DEBUG $(inherited)";
				SWIFT_OPTIMIZATION_LEVEL = "-Onone";
			};
			name = Debug;
		};
		DD6150232B3B3D3B006913FD /* Release */ = {
			isa = XCBuildConfiguration;
			buildSettings = {
				ALWAYS_SEARCH_USER_PATHS = NO;
				ASSETCATALOG_COMPILER_GENERATE_SWIFT_ASSET_SYMBOL_EXTENSIONS = YES;
				CLANG_ANALYZER_NONNULL = YES;
				CLANG_ANALYZER_NUMBER_OBJECT_CONVERSION = YES_AGGRESSIVE;
				CLANG_CXX_LANGUAGE_STANDARD = "gnu++20";
				CLANG_ENABLE_MODULES = YES;
				CLANG_ENABLE_OBJC_ARC = YES;
				CLANG_ENABLE_OBJC_WEAK = YES;
				CLANG_WARN_BLOCK_CAPTURE_AUTORELEASING = YES;
				CLANG_WARN_BOOL_CONVERSION = YES;
				CLANG_WARN_COMMA = YES;
				CLANG_WARN_CONSTANT_CONVERSION = YES;
				CLANG_WARN_DEPRECATED_OBJC_IMPLEMENTATIONS = YES;
				CLANG_WARN_DIRECT_OBJC_ISA_USAGE = YES_ERROR;
				CLANG_WARN_DOCUMENTATION_COMMENTS = YES;
				CLANG_WARN_EMPTY_BODY = YES;
				CLANG_WARN_ENUM_CONVERSION = YES;
				CLANG_WARN_INFINITE_RECURSION = YES;
				CLANG_WARN_INT_CONVERSION = YES;
				CLANG_WARN_NON_LITERAL_NULL_CONVERSION = YES;
				CLANG_WARN_OBJC_IMPLICIT_RETAIN_SELF = YES;
				CLANG_WARN_OBJC_LITERAL_CONVERSION = YES;
				CLANG_WARN_OBJC_ROOT_CLASS = YES_ERROR;
				CLANG_WARN_QUOTED_INCLUDE_IN_FRAMEWORK_HEADER = YES;
				CLANG_WARN_RANGE_LOOP_ANALYSIS = YES;
				CLANG_WARN_STRICT_PROTOTYPES = YES;
				CLANG_WARN_SUSPICIOUS_MOVE = YES;
				CLANG_WARN_UNGUARDED_AVAILABILITY = YES_AGGRESSIVE;
				CLANG_WARN_UNREACHABLE_CODE = YES;
				CLANG_WARN__DUPLICATE_METHOD_MATCH = YES;
				COPY_PHASE_STRIP = NO;
				DEBUG_INFORMATION_FORMAT = "dwarf-with-dsym";
				ENABLE_NS_ASSERTIONS = NO;
				ENABLE_STRICT_OBJC_MSGSEND = YES;
				ENABLE_USER_SCRIPT_SANDBOXING = YES;
				GCC_C_LANGUAGE_STANDARD = gnu17;
				GCC_NO_COMMON_BLOCKS = YES;
				GCC_WARN_64_TO_32_BIT_CONVERSION = YES;
				GCC_WARN_ABOUT_RETURN_TYPE = YES_ERROR;
				GCC_WARN_UNDECLARED_SELECTOR = YES;
				GCC_WARN_UNINITIALIZED_AUTOS = YES_AGGRESSIVE;
				GCC_WARN_UNUSED_FUNCTION = YES;
				GCC_WARN_UNUSED_VARIABLE = YES;
				IPHONEOS_DEPLOYMENT_TARGET = 17.2;
				LOCALIZATION_PREFERS_STRING_CATALOGS = YES;
				MTL_ENABLE_DEBUG_INFO = NO;
				MTL_FAST_MATH = YES;
				SDKROOT = iphoneos;
				SWIFT_COMPILATION_MODE = wholemodule;
				VALIDATE_PRODUCT = YES;
			};
			name = Release;
		};
		DD6150252B3B3D3B006913FD /* Debug */ = {
			isa = XCBuildConfiguration;
			buildSettings = {
				ALWAYS_EMBED_SWIFT_STANDARD_LIBRARIES = YES;
				ASSETCATALOG_COMPILER_APPICON_NAME = AppIcon;
				ASSETCATALOG_COMPILER_GLOBAL_ACCENT_COLOR_NAME = AccentColor;
				CODE_SIGN_STYLE = Automatic;
				CURRENT_PROJECT_VERSION = 1;
				DEVELOPMENT_ASSET_PATHS = "\"InteractiveWidgets/Preview Content\"";
				DEVELOPMENT_TEAM = 8YD26RK344;
				ENABLE_PREVIEWS = YES;
				GENERATE_INFOPLIST_FILE = YES;
				INFOPLIST_KEY_UIApplicationSceneManifest_Generation = YES;
				INFOPLIST_KEY_UIApplicationSupportsIndirectInputEvents = YES;
				INFOPLIST_KEY_UILaunchScreen_Generation = YES;
				INFOPLIST_KEY_UISupportedInterfaceOrientations_iPad = "UIInterfaceOrientationPortrait UIInterfaceOrientationPortraitUpsideDown UIInterfaceOrientationLandscapeLeft UIInterfaceOrientationLandscapeRight";
				INFOPLIST_KEY_UISupportedInterfaceOrientations_iPhone = "UIInterfaceOrientationPortrait UIInterfaceOrientationLandscapeLeft UIInterfaceOrientationLandscapeRight";
				LD_RUNPATH_SEARCH_PATHS = (
					"$(inherited)",
					"@executable_path/Frameworks",
				);
				MARKETING_VERSION = 1.0;
				PRODUCT_BUNDLE_IDENTIFIER = com.InteractiveWidgets;
				PRODUCT_NAME = "$(TARGET_NAME)";
				SWIFT_EMIT_LOC_STRINGS = YES;
				SWIFT_VERSION = 5.0;
				TARGETED_DEVICE_FAMILY = "1,2";
			};
			name = Debug;
		};
		DD6150262B3B3D3B006913FD /* Release */ = {
			isa = XCBuildConfiguration;
			buildSettings = {
				ALWAYS_EMBED_SWIFT_STANDARD_LIBRARIES = YES;
				ASSETCATALOG_COMPILER_APPICON_NAME = AppIcon;
				ASSETCATALOG_COMPILER_GLOBAL_ACCENT_COLOR_NAME = AccentColor;
				CODE_SIGN_STYLE = Automatic;
				CURRENT_PROJECT_VERSION = 1;
				DEVELOPMENT_ASSET_PATHS = "\"InteractiveWidgets/Preview Content\"";
				DEVELOPMENT_TEAM = 8YD26RK344;
				ENABLE_PREVIEWS = YES;
				GENERATE_INFOPLIST_FILE = YES;
				INFOPLIST_KEY_UIApplicationSceneManifest_Generation = YES;
				INFOPLIST_KEY_UIApplicationSupportsIndirectInputEvents = YES;
				INFOPLIST_KEY_UILaunchScreen_Generation = YES;
				INFOPLIST_KEY_UISupportedInterfaceOrientations_iPad = "UIInterfaceOrientationPortrait UIInterfaceOrientationPortraitUpsideDown UIInterfaceOrientationLandscapeLeft UIInterfaceOrientationLandscapeRight";
				INFOPLIST_KEY_UISupportedInterfaceOrientations_iPhone = "UIInterfaceOrientationPortrait UIInterfaceOrientationLandscapeLeft UIInterfaceOrientationLandscapeRight";
				LD_RUNPATH_SEARCH_PATHS = (
					"$(inherited)",
					"@executable_path/Frameworks",
				);
				MARKETING_VERSION = 1.0;
				PRODUCT_BUNDLE_IDENTIFIER = com.InteractiveWidgets;
				PRODUCT_NAME = "$(TARGET_NAME)";
				SWIFT_EMIT_LOC_STRINGS = YES;
				SWIFT_VERSION = 5.0;
				TARGETED_DEVICE_FAMILY = "1,2";
			};
			name = Release;
		};
		DD61503F2B3B3D77006913FD /* Debug */ = {
			isa = XCBuildConfiguration;
			buildSettings = {
				ASSETCATALOG_COMPILER_GLOBAL_ACCENT_COLOR_NAME = AccentColor;
				ASSETCATALOG_COMPILER_WIDGET_BACKGROUND_COLOR_NAME = WidgetBackground;
				CODE_SIGN_STYLE = Automatic;
				CURRENT_PROJECT_VERSION = 1;
				GENERATE_INFOPLIST_FILE = YES;
				INFOPLIST_FILE = GraphWidget/Info.plist;
				INFOPLIST_KEY_CFBundleDisplayName = GraphWidget;
				INFOPLIST_KEY_NSHumanReadableCopyright = "";
				LD_RUNPATH_SEARCH_PATHS = (
					"$(inherited)",
					"@executable_path/Frameworks",
					"@executable_path/../../Frameworks",
				);
				MARKETING_VERSION = 1.0;
				PRODUCT_BUNDLE_IDENTIFIER = com.InteractiveWidgets.GraphWidget;
				PRODUCT_NAME = "$(TARGET_NAME)";
				SKIP_INSTALL = YES;
				SWIFT_EMIT_LOC_STRINGS = YES;
				SWIFT_VERSION = 5.0;
				TARGETED_DEVICE_FAMILY = "1,2";
			};
			name = Debug;
		};
		DD6150402B3B3D77006913FD /* Release */ = {
			isa = XCBuildConfiguration;
			buildSettings = {
				ASSETCATALOG_COMPILER_GLOBAL_ACCENT_COLOR_NAME = AccentColor;
				ASSETCATALOG_COMPILER_WIDGET_BACKGROUND_COLOR_NAME = WidgetBackground;
				CODE_SIGN_STYLE = Automatic;
				CURRENT_PROJECT_VERSION = 1;
				GENERATE_INFOPLIST_FILE = YES;
				INFOPLIST_FILE = GraphWidget/Info.plist;
				INFOPLIST_KEY_CFBundleDisplayName = GraphWidget;
				INFOPLIST_KEY_NSHumanReadableCopyright = "";
				LD_RUNPATH_SEARCH_PATHS = (
					"$(inherited)",
					"@executable_path/Frameworks",
					"@executable_path/../../Frameworks",
				);
				MARKETING_VERSION = 1.0;
				PRODUCT_BUNDLE_IDENTIFIER = com.InteractiveWidgets.GraphWidget;
				PRODUCT_NAME = "$(TARGET_NAME)";
				SKIP_INSTALL = YES;
				SWIFT_EMIT_LOC_STRINGS = YES;
				SWIFT_VERSION = 5.0;
				TARGETED_DEVICE_FAMILY = "1,2";
			};
			name = Release;
		};
/* End XCBuildConfiguration section */

/* Begin XCConfigurationList section */
		DD6150112B3B3D3A006913FD /* Build configuration list for PBXProject "InteractiveWidgets" */ = {
			isa = XCConfigurationList;
			buildConfigurations = (
				DD6150222B3B3D3B006913FD /* Debug */,
				DD6150232B3B3D3B006913FD /* Release */,
			);
			defaultConfigurationIsVisible = 0;
			defaultConfigurationName = Release;
		};
		DD6150242B3B3D3B006913FD /* Build configuration list for PBXNativeTarget "InteractiveWidgets" */ = {
			isa = XCConfigurationList;
			buildConfigurations = (
				DD6150252B3B3D3B006913FD /* Debug */,
				DD6150262B3B3D3B006913FD /* Release */,
			);
			defaultConfigurationIsVisible = 0;
			defaultConfigurationName = Release;
		};
		DD61503E2B3B3D77006913FD /* Build configuration list for PBXNativeTarget "GraphWidgetExtension" */ = {
			isa = XCConfigurationList;
			buildConfigurations = (
				DD61503F2B3B3D77006913FD /* Debug */,
				DD6150402B3B3D77006913FD /* Release */,
			);
			defaultConfigurationIsVisible = 0;
			defaultConfigurationName = Release;
		};
/* End XCConfigurationList section */
	};
	rootObject = DD61500E2B3B3D3A006913FD /* Project object */;
}
